github.com/codex-storage/codex-go-bindings v0.0.1 h1:u6Z/Y01Wpxckrg4ATsO/xD/9XVRa6PdHy2AVHYjx9iU=
github.com/codex-storage/codex-go-bindings v0.0.1/go.mod h1:8yC11Vr1Mu5sqZyQ33GaSCr0uUIbQnGkm0aWqZj62Kg=
github.com/codex-storage/codex-go-bindings v0.0.10 h1:szqFD1CWb5ELY+pnlj87PM+nUIiZwjnFYLzTgbiGsDQ=
github.com/codex-storage/codex-go-bindings v0.0.10/go.mod h1:8yC11Vr1Mu5sqZyQ33GaSCr0uUIbQnGkm0aWqZj62Kg=
github.com/codex-storage/codex-go-bindings v0.0.11 h1:mGzkebWuCwtfNinyplNBZ+QFlvlu0Wkg+wQ3fNegCJc=
github.com/codex-storage/codex-go-bindings v0.0.11/go.mod h1:8yC11Vr1Mu5sqZyQ33GaSCr0uUIbQnGkm0aWqZj62Kg=
github.com/codex-storage/codex-go-bindings v0.0.13 h1:svQT3hzH+J5ys5cPqNUXxrPYi57bfoNrzywFZiJZJDE=
github.com/codex-storage/codex-go-bindings v0.0.13/go.mod h1:8yC11Vr1Mu5sqZyQ33GaSCr0uUIbQnGkm0aWqZj62Kg=
github.com/codex-storage/codex-go-bindings v0.0.14 h1:Pk/DDEGW3OGTefEyoBHvw2RUgpAzG6TBtoMmtH1HXI4=
github.com/codex-storage/codex-go-bindings v0.0.14/go.mod h1:8yC11Vr1Mu5sqZyQ33GaSCr0uUIbQnGkm0aWqZj62Kg=
github.com/codex-storage/codex-go-bindings v0.0.15 h1:7usvjbqm5BjRICk7uLu1C+fU69cSLvefcH7rdCy9MTg=
github.com/codex-storage/codex-go-bindings v0.0.15/go.mod h1:8yC11Vr1Mu5sqZyQ33GaSCr0uUIbQnGkm0aWqZj62Kg=
github.com/codex-storage/codex-go-bindings v0.0.16 h1:rDjkcR9NdN6JKVAdnX7RSGkkc5l3/din4QMDRAUJZ7w=
github.com/codex-storage/codex-go-bindings v0.0.16/go.mod h1:8yC11Vr1Mu5sqZyQ33GaSCr0uUIbQnGkm0aWqZj62Kg=
